{
  "name": "zkrom",
  "version": "0.0.1",
  "lockfileVersion": 2,
  "requires": true,
  "packages": {
    "": {
      "name": "zkrom",
      "version": "0.0.1",
      "license": "GPL-3.0",
      "dependencies": {
        "zkasm": "https://github.com/hermeznetwork/zkasm.git#v0.0.4"
      }
    },
    "node_modules/zkasm": {
      "name": "@hermeznetwork/zkasm",
      "version": "0.0.4",
      "resolved": "git+ssh://git@github.com/hermeznetwork/zkasm.git#3f1436798e5f9ab51c6b0a781e7ce78ee61ee638",
      "license": "GPL-3.0",
      "bin": {
        "zkasm": "src/zkasm.js"
      }
    }
  },
  "dependencies": {
    "zkasm": {
      "version": "git+ssh://git@github.com/hermeznetwork/zkasm.git#3f1436798e5f9ab51c6b0a781e7ce78ee61ee638",
      "from": "zkasm@https://github.com/hermeznetwork/zkasm.git#v0.0.4"
    }
  }
}
